
Microsoft Visual Studio Solution File, Format Version 12.00
# Visual Studio 15
VisualStudioVersion = 15.0.28010.2036
MinimumVisualStudioVersion = 10.0.40219.1
Project("{FAE04EC0-301F-11D3-BF4B-00C04F79EFBC}") = "Zad.1", "Zad.1\Zad.1.csproj", "{B030F7AE-B364-48F4-8818-ABF42859316F}"
EndProject
Project("{FAE04EC0-301F-11D3-BF4B-00C04F79EFBC}") = "Zad.2", "Zad.2\Zad.2.csproj", "{9155A6FA-BDFA-49D2-B70B-2E455D6BED91}"
EndProject
Project("{FAE04EC0-301F-11D3-BF4B-00C04F79EFBC}") = "Zad.3", "Zad.3\Zad.3.csproj", "{A6E8C5C5-E73D-4FB1-BFB2-D2E7048D80DB}"
EndProject
Project("{FAE04EC0-301F-11D3-BF4B-00C04F79EFBC}") = "Zad.4", "Zad.4\Zad.4.csproj", "{905B0BDB-72B8-4D1B-BD9A-FFC05E65B5EB}"
EndProject
Project("{FAE04EC0-301F-11D3-BF4B-00C04F79EFBC}") = "Zad.5", "Zad.5\Zad.5.csproj", "{55A63CF5-7162-4953-8E3C-668248921E51}"
EndProject
Project("{FAE04EC0-301F-11D3-BF4B-00C04F79EFBC}") = "Zad.6", "Zad.6\Zad.6.csproj", "{40D633E7-1A34-41E6-B5CE-4A26856BE380}"
EndProject
Project("{FAE04EC0-301F-11D3-BF4B-00C04F79EFBC}") = "Zad.7", "Zad.7\Zad.7.csproj", "{179C2C52-017D-4357-BC82-12B072EB7054}"
EndProject
Project("{FAE04EC0-301F-11D3-BF4B-00C04F79EFBC}") = "Zad.8", "Zad.8\Zad.8.csproj", "{4DBFCB85-9EAB-4F7B-B58D-87AF553AF27B}"
EndProject
Project("{FAE04EC0-301F-11D3-BF4B-00C04F79EFBC}") = "Zad.9", "Zad.9\Zad.9.csproj", "{B6414549-0AD8-446D-8D92-93B0ABB272FD}"
EndProject
Project("{FAE04EC0-301F-11D3-BF4B-00C04F79EFBC}") = "Zad.10", "Zad.10\Zad.10.csproj", "{3E05BCC3-E713-47DE-AF0F-BF2703450644}"
EndProject
Project("{FAE04EC0-301F-11D3-BF4B-00C04F79EFBC}") = "Zad.11", "Zad.11\Zad.11.csproj", "{726F42D9-6ED1-44DE-8817-5B223F064F71}"
EndProject
Project("{FAE04EC0-301F-11D3-BF4B-00C04F79EFBC}") = "Zad.12", "Zad.12\Zad.12.csproj", "{8E320608-9B31-4A58-8A37-62389B7E372C}"
EndProject
Project("{FAE04EC0-301F-11D3-BF4B-00C04F79EFBC}") = "Zad.13", "Zad.13\Zad.13.csproj", "{1B058075-F403-4CDF-84C3-4537047C4D00}"
EndProject
Global
	GlobalSection(SolutionConfigurationPlatforms) = preSolution
		Debug|Any CPU = Debug|Any CPU
		Release|Any CPU = Release|Any CPU
	EndGlobalSection
	GlobalSection(ProjectConfigurationPlatforms) = postSolution
		{B030F7AE-B364-48F4-8818-ABF42859316F}.Debug|Any CPU.ActiveCfg = Debug|Any CPU
		{B030F7AE-B364-48F4-8818-ABF42859316F}.Debug|Any CPU.Build.0 = Debug|Any CPU
		{B030F7AE-B364-48F4-8818-ABF42859316F}.Release|Any CPU.ActiveCfg = Release|Any CPU
		{B030F7AE-B364-48F4-8818-ABF42859316F}.Release|Any CPU.Build.0 = Release|Any CPU
		{9155A6FA-BDFA-49D2-B70B-2E455D6BED91}.Debug|Any CPU.ActiveCfg = Debug|Any CPU
		{9155A6FA-BDFA-49D2-B70B-2E455D6BED91}.Debug|Any CPU.Build.0 = Debug|Any CPU
		{9155A6FA-BDFA-49D2-B70B-2E455D6BED91}.Release|Any CPU.ActiveCfg = Release|Any CPU
		{9155A6FA-BDFA-49D2-B70B-2E455D6BED91}.Release|Any CPU.Build.0 = Release|Any CPU
		{A6E8C5C5-E73D-4FB1-BFB2-D2E7048D80DB}.Debug|Any CPU.ActiveCfg = Debug|Any CPU
		{A6E8C5C5-E73D-4FB1-BFB2-D2E7048D80DB}.Debug|Any CPU.Build.0 = Debug|Any CPU
		{A6E8C5C5-E73D-4FB1-BFB2-D2E7048D80DB}.Release|Any CPU.ActiveCfg = Release|Any CPU
		{A6E8C5C5-E73D-4FB1-BFB2-D2E7048D80DB}.Release|Any CPU.Build.0 = Release|Any CPU
		{905B0BDB-72B8-4D1B-BD9A-FFC05E65B5EB}.Debug|Any CPU.ActiveCfg = Debug|Any CPU
		{905B0BDB-72B8-4D1B-BD9A-FFC05E65B5EB}.Debug|Any CPU.Build.0 = Debug|Any CPU
		{905B0BDB-72B8-4D1B-BD9A-FFC05E65B5EB}.Release|Any CPU.ActiveCfg = Release|Any CPU
		{905B0BDB-72B8-4D1B-BD9A-FFC05E65B5EB}.Release|Any CPU.Build.0 = Release|Any CPU
		{55A63CF5-7162-4953-8E3C-668248921E51}.Debug|Any CPU.ActiveCfg = Debug|Any CPU
		{55A63CF5-7162-4953-8E3C-668248921E51}.Debug|Any CPU.Build.0 = Debug|Any CPU
		{55A63CF5-7162-4953-8E3C-668248921E51}.Release|Any CPU.ActiveCfg = Release|Any CPU
		{55A63CF5-7162-4953-8E3C-668248921E51}.Release|Any CPU.Build.0 = Release|Any CPU
		{40D633E7-1A34-41E6-B5CE-4A26856BE380}.Debug|Any CPU.ActiveCfg = Debug|Any CPU
		{40D633E7-1A34-41E6-B5CE-4A26856BE380}.Debug|Any CPU.Build.0 = Debug|Any CPU
		{40D633E7-1A34-41E6-B5CE-4A26856BE380}.Release|Any CPU.ActiveCfg = Release|Any CPU
		{40D633E7-1A34-41E6-B5CE-4A26856BE380}.Release|Any CPU.Build.0 = Release|Any CPU
		{179C2C52-017D-4357-BC82-12B072EB7054}.Debug|Any CPU.ActiveCfg = Debug|Any CPU
		{179C2C52-017D-4357-BC82-12B072EB7054}.Debug|Any CPU.Build.0 = Debug|Any CPU
		{179C2C52-017D-4357-BC82-12B072EB7054}.Release|Any CPU.ActiveCfg = Release|Any CPU
		{179C2C52-017D-4357-BC82-12B072EB7054}.Release|Any CPU.Build.0 = Release|Any CPU
		{4DBFCB85-9EAB-4F7B-B58D-87AF553AF27B}.Debug|Any CPU.ActiveCfg = Debug|Any CPU
		{4DBFCB85-9EAB-4F7B-B58D-87AF553AF27B}.Debug|Any CPU.Build.0 = Debug|Any CPU
		{4DBFCB85-9EAB-4F7B-B58D-87AF553AF27B}.Release|Any CPU.ActiveCfg = Release|Any CPU
		{4DBFCB85-9EAB-4F7B-B58D-87AF553AF27B}.Release|Any CPU.Build.0 = Release|Any CPU
		{B6414549-0AD8-446D-8D92-93B0ABB272FD}.Debug|Any CPU.ActiveCfg = Debug|Any CPU
		{B6414549-0AD8-446D-8D92-93B0ABB272FD}.Debug|Any CPU.Build.0 = Debug|Any CPU
		{B6414549-0AD8-446D-8D92-93B0ABB272FD}.Release|Any CPU.ActiveCfg = Release|Any CPU
		{B6414549-0AD8-446D-8D92-93B0ABB272FD}.Release|Any CPU.Build.0 = Release|Any CPU
		{3E05BCC3-E713-47DE-AF0F-BF2703450644}.Debug|Any CPU.ActiveCfg = Debug|Any CPU
		{3E05BCC3-E713-47DE-AF0F-BF2703450644}.Debug|Any CPU.Build.0 = Debug|Any CPU
		{3E05BCC3-E713-47DE-AF0F-BF2703450644}.Release|Any CPU.ActiveCfg = Release|Any CPU
		{3E05BCC3-E713-47DE-AF0F-BF2703450644}.Release|Any CPU.Build.0 = Release|Any CPU
		{726F42D9-6ED1-44DE-8817-5B223F064F71}.Debug|Any CPU.ActiveCfg = Debug|Any CPU
		{726F42D9-6ED1-44DE-8817-5B223F064F71}.Debug|Any CPU.Build.0 = Debug|Any CPU
		{726F42D9-6ED1-44DE-8817-5B223F064F71}.Release|Any CPU.ActiveCfg = Release|Any CPU
		{726F42D9-6ED1-44DE-8817-5B223F064F71}.Release|Any CPU.Build.0 = Release|Any CPU
		{8E320608-9B31-4A58-8A37-62389B7E372C}.Debug|Any CPU.ActiveCfg = Debug|Any CPU
		{8E320608-9B31-4A58-8A37-62389B7E372C}.Debug|Any CPU.Build.0 = Debug|Any CPU
		{8E320608-9B31-4A58-8A37-62389B7E372C}.Release|Any CPU.ActiveCfg = Release|Any CPU
		{8E320608-9B31-4A58-8A37-62389B7E372C}.Release|Any CPU.Build.0 = Release|Any CPU
		{1B058075-F403-4CDF-84C3-4537047C4D00}.Debug|Any CPU.ActiveCfg = Debug|Any CPU
		{1B058075-F403-4CDF-84C3-4537047C4D00}.Debug|Any CPU.Build.0 = Debug|Any CPU
		{1B058075-F403-4CDF-84C3-4537047C4D00}.Release|Any CPU.ActiveCfg = Release|Any CPU
		{1B058075-F403-4CDF-84C3-4537047C4D00}.Release|Any CPU.Build.0 = Release|Any CPU
	EndGlobalSection
	GlobalSection(SolutionProperties) = preSolution
		HideSolutionNode = FALSE
	EndGlobalSection
	GlobalSection(ExtensibilityGlobals) = postSolution
		SolutionGuid = {324EE6ED-9C41-42F2-B22D-3991D39EBFE0}
	EndGlobalSection
EndGlobal
